
Microsoft Visual Studio Solution File, Format Version 12.00
# Visual Studio Version 17
Project("{2150E333-8FDC-42A3-9474-1A3956D46DE8}") = "CMakePredefinedTargets", "CMakePredefinedTargets", "{37323809-9FF6-3BB0-8E05-8AC2FEDBE2FA}"
EndProject
Project("{2150E333-8FDC-42A3-9474-1A3956D46DE8}") = "GLFW3", "GLFW3", "{7C68F53B-BA5C-3D6F-8F8A-5358B4C1848B}"
EndProject
Project("{2150E333-8FDC-42A3-9474-1A3956D46DE8}") = "Examples", "GLFW3\Examples", "{65487CE1-8052-3BD2-AFF4-DE64D6A41528}"
EndProject
Project("{2150E333-8FDC-42A3-9474-1A3956D46DE8}") = "Tests", "GLFW3\Tests", "{33E8EB0B-7533-315F-B4C8-477D70F30664}"
EndProject
Project("{8BC9CEB8-8B4A-11D0-8D11-00A0C91BC942}") = "ALL_BUILD", "ALL_BUILD.vcxproj", "{95C37751-C982-3375-B3E4-982FE6011262}"
	ProjectSection(ProjectDependencies) = postProject
		{07716689-270E-34EF-85F3-5B172E5C0261} = {07716689-270E-34EF-85F3-5B172E5C0261}
		{7C289667-18AF-3F24-84AA-1AFD945CFB2A} = {7C289667-18AF-3F24-84AA-1AFD945CFB2A}
		{702AE9AF-35D6-3D8B-895E-6364D006AAC0} = {702AE9AF-35D6-3D8B-895E-6364D006AAC0}
		{950BCC2A-C3F8-3728-8DEF-F89D4094232E} = {950BCC2A-C3F8-3728-8DEF-F89D4094232E}
		{6867B736-AC75-33E1-8F83-DC8C3490C2A9} = {6867B736-AC75-33E1-8F83-DC8C3490C2A9}
		{3013E147-FC17-3592-AF5A-F05856145EED} = {3013E147-FC17-3592-AF5A-F05856145EED}
		{EA0C9F4A-ECE4-3A91-AA52-35FF471D5169} = {EA0C9F4A-ECE4-3A91-AA52-35FF471D5169}
		{E8D44F29-E43B-3F53-AC11-8DD00A058B65} = {E8D44F29-E43B-3F53-AC11-8DD00A058B65}
		{88A23D34-1049-30D1-8AF9-0A05641483E3} = {88A23D34-1049-30D1-8AF9-0A05641483E3}
		{AB75102E-34EA-34EB-BDCD-2CBF58D17B7C} = {AB75102E-34EA-34EB-BDCD-2CBF58D17B7C}
		{884875C2-35EE-320B-924A-86C5FE624C70} = {884875C2-35EE-320B-924A-86C5FE624C70}
		{EC292C55-51C2-3837-ABCA-9754BCD1ECED} = {EC292C55-51C2-3837-ABCA-9754BCD1ECED}
		{488B1D2E-A393-3EE5-AD72-93E068480FBA} = {488B1D2E-A393-3EE5-AD72-93E068480FBA}
		{3A766C79-2F94-36D3-B5B2-E7F761F9B633} = {3A766C79-2F94-36D3-B5B2-E7F761F9B633}
		{823C1EA9-8A93-331C-B9E0-266CE6866281} = {823C1EA9-8A93-331C-B9E0-266CE6866281}
		{E954629D-B3AD-3E6C-AB7B-D630FDE6182D} = {E954629D-B3AD-3E6C-AB7B-D630FDE6182D}
		{567FB1F2-B7D8-3E05-9BE9-95C5A71140DF} = {567FB1F2-B7D8-3E05-9BE9-95C5A71140DF}
		{BF468BB5-9098-3280-A5CE-B6FDCDD9EC48} = {BF468BB5-9098-3280-A5CE-B6FDCDD9EC48}
		{2141523A-A704-38A6-AAB7-31EE7027C83A} = {2141523A-A704-38A6-AAB7-31EE7027C83A}
		{83873F18-EB6F-3B81-9B8E-6BA68F61C129} = {83873F18-EB6F-3B81-9B8E-6BA68F61C129}
		{32885E39-704B-30C8-8409-7EB90D2EB8C2} = {32885E39-704B-30C8-8409-7EB90D2EB8C2}
		{C5591F40-7CB9-3C94-AC88-3DB033E21AE8} = {C5591F40-7CB9-3C94-AC88-3DB033E21AE8}
		{94FA451A-2446-3F13-ADFB-2D6DFDE9640E} = {94FA451A-2446-3F13-ADFB-2D6DFDE9640E}
		{8110A5B3-6C52-37A5-B045-974E2AAFD147} = {8110A5B3-6C52-37A5-B045-974E2AAFD147}
		{49F41DF1-5042-342A-9911-959E07BE81BD} = {49F41DF1-5042-342A-9911-959E07BE81BD}
		{DE8DEB9F-1066-340B-978E-E44B776BD26A} = {DE8DEB9F-1066-340B-978E-E44B776BD26A}
		{217033E3-7430-3D81-AA04-18250E886313} = {217033E3-7430-3D81-AA04-18250E886313}
		{94ED5F5F-F27C-3CCF-B7D4-11AEE05784F0} = {94ED5F5F-F27C-3CCF-B7D4-11AEE05784F0}
		{50840CBB-CB8E-3965-B86B-EC6CF6364F1B} = {50840CBB-CB8E-3965-B86B-EC6CF6364F1B}
		{5804DDDB-5267-32B4-9976-9D9D2E3F0B7F} = {5804DDDB-5267-32B4-9976-9D9D2E3F0B7F}
		{017542AE-9A18-3DEA-A2F3-47BAD5BECE6E} = {017542AE-9A18-3DEA-A2F3-47BAD5BECE6E}
	EndProjectSection
EndProject
Project("{8BC9CEB8-8B4A-11D0-8D11-00A0C91BC942}") = "INSTALL", "INSTALL.vcxproj", "{3BD2CB1F-60D1-3251-AFD6-D412A088C9A8}"
	ProjectSection(ProjectDependencies) = postProject
		{95C37751-C982-3375-B3E4-982FE6011262} = {95C37751-C982-3375-B3E4-982FE6011262}
		{07716689-270E-34EF-85F3-5B172E5C0261} = {07716689-270E-34EF-85F3-5B172E5C0261}
	EndProjectSection
EndProject
Project("{8BC9CEB8-8B4A-11D0-8D11-00A0C91BC942}") = "ZERO_CHECK", "..\..\\ZERO_CHECK.vcxproj", "{07716689-270E-34EF-85F3-5B172E5C0261}"
	ProjectSection(ProjectDependencies) = postProject
	EndProjectSection
EndProject
Project("{8BC9CEB8-8B4A-11D0-8D11-00A0C91BC942}") = "boing", "examples\boing.vcxproj", "{7C289667-18AF-3F24-84AA-1AFD945CFB2A}"
	ProjectSection(ProjectDependencies) = postProject
		{07716689-270E-34EF-85F3-5B172E5C0261} = {07716689-270E-34EF-85F3-5B172E5C0261}
		{88A23D34-1049-30D1-8AF9-0A05641483E3} = {88A23D34-1049-30D1-8AF9-0A05641483E3}
	EndProjectSection
EndProject
Project("{8BC9CEB8-8B4A-11D0-8D11-00A0C91BC942}") = "clipboard", "tests\clipboard.vcxproj", "{702AE9AF-35D6-3D8B-895E-6364D006AAC0}"
	ProjectSection(ProjectDependencies) = postProject
		{07716689-270E-34EF-85F3-5B172E5C0261} = {07716689-270E-34EF-85F3-5B172E5C0261}
		{88A23D34-1049-30D1-8AF9-0A05641483E3} = {88A23D34-1049-30D1-8AF9-0A05641483E3}
	EndProjectSection
EndProject
Project("{8BC9CEB8-8B4A-11D0-8D11-00A0C91BC942}") = "cursor", "tests\cursor.vcxproj", "{950BCC2A-C3F8-3728-8DEF-F89D4094232E}"
	ProjectSection(ProjectDependencies) = postProject
		{07716689-270E-34EF-85F3-5B172E5C0261} = {07716689-270E-34EF-85F3-5B172E5C0261}
		{88A23D34-1049-30D1-8AF9-0A05641483E3} = {88A23D34-1049-30D1-8AF9-0A05641483E3}
	EndProjectSection
EndProject
Project("{8BC9CEB8-8B4A-11D0-8D11-00A0C91BC942}") = "empty", "tests\empty.vcxproj", "{6867B736-AC75-33E1-8F83-DC8C3490C2A9}"
	ProjectSection(ProjectDependencies) = postProject
		{07716689-270E-34EF-85F3-5B172E5C0261} = {07716689-270E-34EF-85F3-5B172E5C0261}
		{88A23D34-1049-30D1-8AF9-0A05641483E3} = {88A23D34-1049-30D1-8AF9-0A05641483E3}
	EndProjectSection
EndProject
Project("{8BC9CEB8-8B4A-11D0-8D11-00A0C91BC942}") = "events", "tests\events.vcxproj", "{3013E147-FC17-3592-AF5A-F05856145EED}"
	ProjectSection(ProjectDependencies) = postProject
		{07716689-270E-34EF-85F3-5B172E5C0261} = {07716689-270E-34EF-85F3-5B172E5C0261}
		{88A23D34-1049-30D1-8AF9-0A05641483E3} = {88A23D34-1049-30D1-8AF9-0A05641483E3}
	EndProjectSection
EndProject
Project("{8BC9CEB8-8B4A-11D0-8D11-00A0C91BC942}") = "gamma", "tests\gamma.vcxproj", "{EA0C9F4A-ECE4-3A91-AA52-35FF471D5169}"
	ProjectSection(ProjectDependencies) = postProject
		{07716689-270E-34EF-85F3-5B172E5C0261} = {07716689-270E-34EF-85F3-5B172E5C0261}
		{88A23D34-1049-30D1-8AF9-0A05641483E3} = {88A23D34-1049-30D1-8AF9-0A05641483E3}
	EndProjectSection
EndProject
Project("{8BC9CEB8-8B4A-11D0-8D11-00A0C91BC942}") = "gears", "examples\gears.vcxproj", "{E8D44F29-E43B-3F53-AC11-8DD00A058B65}"
	ProjectSection(ProjectDependencies) = postProject
		{07716689-270E-34EF-85F3-5B172E5C0261} = {07716689-270E-34EF-85F3-5B172E5C0261}
		{88A23D34-1049-30D1-8AF9-0A05641483E3} = {88A23D34-1049-30D1-8AF9-0A05641483E3}
	EndProjectSection
EndProject
Project("{8BC9CEB8-8B4A-11D0-8D11-00A0C91BC942}") = "glfw", "src\glfw.vcxproj", "{88A23D34-1049-30D1-8AF9-0A05641483E3}"
	ProjectSection(ProjectDependencies) = postProject
		{07716689-270E-34EF-85F3-5B172E5C0261} = {07716689-270E-34EF-85F3-5B172E5C0261}
	EndProjectSection
EndProject
Project("{8BC9CEB8-8B4A-11D0-8D11-00A0C91BC942}") = "glfwinfo", "tests\glfwinfo.vcxproj", "{AB75102E-34EA-34EB-BDCD-2CBF58D17B7C}"
	ProjectSection(ProjectDependencies) = postProject
		{07716689-270E-34EF-85F3-5B172E5C0261} = {07716689-270E-34EF-85F3-5B172E5C0261}
		{88A23D34-1049-30D1-8AF9-0A05641483E3} = {88A23D34-1049-30D1-8AF9-0A05641483E3}
	EndProjectSection
EndProject
Project("{8BC9CEB8-8B4A-11D0-8D11-00A0C91BC942}") = "heightmap", "examples\heightmap.vcxproj", "{884875C2-35EE-320B-924A-86C5FE624C70}"
	ProjectSection(ProjectDependencies) = postProject
		{07716689-270E-34EF-85F3-5B172E5C0261} = {07716689-270E-34EF-85F3-5B172E5C0261}
		{88A23D34-1049-30D1-8AF9-0A05641483E3} = {88A23D34-1049-30D1-8AF9-0A05641483E3}
	EndProjectSection
EndProject
Project("{8BC9CEB8-8B4A-11D0-8D11-00A0C91BC942}") = "icon", "tests\icon.vcxproj", "{EC292C55-51C2-3837-ABCA-9754BCD1ECED}"
	ProjectSection(ProjectDependencies) = postProject
		{07716689-270E-34EF-85F3-5B172E5C0261} = {07716689-270E-34EF-85F3-5B172E5C0261}
		{88A23D34-1049-30D1-8AF9-0A05641483E3} = {88A23D34-1049-30D1-8AF9-0A05641483E3}
	EndProjectSection
EndProject
Project("{8BC9CEB8-8B4A-11D0-8D11-00A0C91BC942}") = "iconify", "tests\iconify.vcxproj", "{488B1D2E-A393-3EE5-AD72-93E068480FBA}"
	ProjectSection(ProjectDependencies) = postProject
		{07716689-270E-34EF-85F3-5B172E5C0261} = {07716689-270E-34EF-85F3-5B172E5C0261}
		{88A23D34-1049-30D1-8AF9-0A05641483E3} = {88A23D34-1049-30D1-8AF9-0A05641483E3}
	EndProjectSection
EndProject
Project("{8BC9CEB8-8B4A-11D0-8D11-00A0C91BC942}") = "inputlag", "tests\inputlag.vcxproj", "{3A766C79-2F94-36D3-B5B2-E7F761F9B633}"
	ProjectSection(ProjectDependencies) = postProject
		{07716689-270E-34EF-85F3-5B172E5C0261} = {07716689-270E-34EF-85F3-5B172E5C0261}
		{88A23D34-1049-30D1-8AF9-0A05641483E3} = {88A23D34-1049-30D1-8AF9-0A05641483E3}
	EndProjectSection
EndProject
Project("{8BC9CEB8-8B4A-11D0-8D11-00A0C91BC942}") = "joysticks", "tests\joysticks.vcxproj", "{823C1EA9-8A93-331C-B9E0-266CE6866281}"
	ProjectSection(ProjectDependencies) = postProject
		{07716689-270E-34EF-85F3-5B172E5C0261} = {07716689-270E-34EF-85F3-5B172E5C0261}
		{88A23D34-1049-30D1-8AF9-0A05641483E3} = {88A23D34-1049-30D1-8AF9-0A05641483E3}
	EndProjectSection
EndProject
Project("{8BC9CEB8-8B4A-11D0-8D11-00A0C91BC942}") = "monitors", "tests\monitors.vcxproj", "{E954629D-B3AD-3E6C-AB7B-D630FDE6182D}"
	ProjectSection(ProjectDependencies) = postProject
		{07716689-270E-34EF-85F3-5B172E5C0261} = {07716689-270E-34EF-85F3-5B172E5C0261}
		{88A23D34-1049-30D1-8AF9-0A05641483E3} = {88A23D34-1049-30D1-8AF9-0A05641483E3}
	EndProjectSection
EndProject
Project("{8BC9CEB8-8B4A-11D0-8D11-00A0C91BC942}") = "msaa", "tests\msaa.vcxproj", "{567FB1F2-B7D8-3E05-9BE9-95C5A71140DF}"
	ProjectSection(ProjectDependencies) = postProject
		{07716689-270E-34EF-85F3-5B172E5C0261} = {07716689-270E-34EF-85F3-5B172E5C0261}
		{88A23D34-1049-30D1-8AF9-0A05641483E3} = {88A23D34-1049-30D1-8AF9-0A05641483E3}
	EndProjectSection
EndProject
Project("{8BC9CEB8-8B4A-11D0-8D11-00A0C91BC942}") = "offscreen", "examples\offscreen.vcxproj", "{BF468BB5-9098-3280-A5CE-B6FDCDD9EC48}"
	ProjectSection(ProjectDependencies) = postProject
		{07716689-270E-34EF-85F3-5B172E5C0261} = {07716689-270E-34EF-85F3-5B172E5C0261}
		{88A23D34-1049-30D1-8AF9-0A05641483E3} = {88A23D34-1049-30D1-8AF9-0A05641483E3}
	EndProjectSection
EndProject
Project("{8BC9CEB8-8B4A-11D0-8D11-00A0C91BC942}") = "opacity", "tests\opacity.vcxproj", "{2141523A-A704-38A6-AAB7-31EE7027C83A}"
	ProjectSection(ProjectDependencies) = postProject
		{07716689-270E-34EF-85F3-5B172E5C0261} = {07716689-270E-34EF-85F3-5B172E5C0261}
		{88A23D34-1049-30D1-8AF9-0A05641483E3} = {88A23D34-1049-30D1-8AF9-0A05641483E3}
	EndProjectSection
EndProject
Project("{8BC9CEB8-8B4A-11D0-8D11-00A0C91BC942}") = "particles", "examples\particles.vcxproj", "{83873F18-EB6F-3B81-9B8E-6BA68F61C129}"
	ProjectSection(ProjectDependencies) = postProject
		{07716689-270E-34EF-85F3-5B172E5C0261} = {07716689-270E-34EF-85F3-5B172E5C0261}
		{88A23D34-1049-30D1-8AF9-0A05641483E3} = {88A23D34-1049-30D1-8AF9-0A05641483E3}
	EndProjectSection
EndProject
Project("{8BC9CEB8-8B4A-11D0-8D11-00A0C91BC942}") = "reopen", "tests\reopen.vcxproj", "{32885E39-704B-30C8-8409-7EB90D2EB8C2}"
	ProjectSection(ProjectDependencies) = postProject
		{07716689-270E-34EF-85F3-5B172E5C0261} = {07716689-270E-34EF-85F3-5B172E5C0261}
		{88A23D34-1049-30D1-8AF9-0A05641483E3} = {88A23D34-1049-30D1-8AF9-0A05641483E3}
	EndProjectSection
EndProject
Project("{8BC9CEB8-8B4A-11D0-8D11-00A0C91BC942}") = "sharing", "examples\sharing.vcxproj", "{C5591F40-7CB9-3C94-AC88-3DB033E21AE8}"
	ProjectSection(ProjectDependencies) = postProject
		{07716689-270E-34EF-85F3-5B172E5C0261} = {07716689-270E-34EF-85F3-5B172E5C0261}
		{88A23D34-1049-30D1-8AF9-0A05641483E3} = {88A23D34-1049-30D1-8AF9-0A05641483E3}
	EndProjectSection
EndProject
Project("{8BC9CEB8-8B4A-11D0-8D11-00A0C91BC942}") = "simple", "examples\simple.vcxproj", "{94FA451A-2446-3F13-ADFB-2D6DFDE9640E}"
	ProjectSection(ProjectDependencies) = postProject
		{07716689-270E-34EF-85F3-5B172E5C0261} = {07716689-270E-34EF-85F3-5B172E5C0261}
		{88A23D34-1049-30D1-8AF9-0A05641483E3} = {88A23D34-1049-30D1-8AF9-0A05641483E3}
	EndProjectSection
EndProject
Project("{8BC9CEB8-8B4A-11D0-8D11-00A0C91BC942}") = "splitview", "examples\splitview.vcxproj", "{8110A5B3-6C52-37A5-B045-974E2AAFD147}"
	ProjectSection(ProjectDependencies) = postProject
		{07716689-270E-34EF-85F3-5B172E5C0261} = {07716689-270E-34EF-85F3-5B172E5C0261}
		{88A23D34-1049-30D1-8AF9-0A05641483E3} = {88A23D34-1049-30D1-8AF9-0A05641483E3}
	EndProjectSection
EndProject
Project("{8BC9CEB8-8B4A-11D0-8D11-00A0C91BC942}") = "tearing", "tests\tearing.vcxproj", "{49F41DF1-5042-342A-9911-959E07BE81BD}"
	ProjectSection(ProjectDependencies) = postProject
		{07716689-270E-34EF-85F3-5B172E5C0261} = {07716689-270E-34EF-85F3-5B172E5C0261}
		{88A23D34-1049-30D1-8AF9-0A05641483E3} = {88A23D34-1049-30D1-8AF9-0A05641483E3}
	EndProjectSection
EndProject
Project("{8BC9CEB8-8B4A-11D0-8D11-00A0C91BC942}") = "threads", "tests\threads.vcxproj", "{DE8DEB9F-1066-340B-978E-E44B776BD26A}"
	ProjectSection(ProjectDependencies) = postProject
		{07716689-270E-34EF-85F3-5B172E5C0261} = {07716689-270E-34EF-85F3-5B172E5C0261}
		{88A23D34-1049-30D1-8AF9-0A05641483E3} = {88A23D34-1049-30D1-8AF9-0A05641483E3}
	EndProjectSection
EndProject
Project("{8BC9CEB8-8B4A-11D0-8D11-00A0C91BC942}") = "timeout", "tests\timeout.vcxproj", "{217033E3-7430-3D81-AA04-18250E886313}"
	ProjectSection(ProjectDependencies) = postProject
		{07716689-270E-34EF-85F3-5B172E5C0261} = {07716689-270E-34EF-85F3-5B172E5C0261}
		{88A23D34-1049-30D1-8AF9-0A05641483E3} = {88A23D34-1049-30D1-8AF9-0A05641483E3}
	EndProjectSection
EndProject
Project("{8BC9CEB8-8B4A-11D0-8D11-00A0C91BC942}") = "title", "tests\title.vcxproj", "{94ED5F5F-F27C-3CCF-B7D4-11AEE05784F0}"
	ProjectSection(ProjectDependencies) = postProject
		{07716689-270E-34EF-85F3-5B172E5C0261} = {07716689-270E-34EF-85F3-5B172E5C0261}
		{88A23D34-1049-30D1-8AF9-0A05641483E3} = {88A23D34-1049-30D1-8AF9-0A05641483E3}
	EndProjectSection
EndProject
Project("{8BC9CEB8-8B4A-11D0-8D11-00A0C91BC942}") = "triangle-vulkan", "tests\triangle-vulkan.vcxproj", "{50840CBB-CB8E-3965-B86B-EC6CF6364F1B}"
	ProjectSection(ProjectDependencies) = postProject
		{07716689-270E-34EF-85F3-5B172E5C0261} = {07716689-270E-34EF-85F3-5B172E5C0261}
		{88A23D34-1049-30D1-8AF9-0A05641483E3} = {88A23D34-1049-30D1-8AF9-0A05641483E3}
	EndProjectSection
EndProject
Project("{8BC9CEB8-8B4A-11D0-8D11-00A0C91BC942}") = "uninstall", "uninstall.vcxproj", "{474D88B2-3CB0-36A6-99D5-F66BC82FEA02}"
	ProjectSection(ProjectDependencies) = postProject
		{07716689-270E-34EF-85F3-5B172E5C0261} = {07716689-270E-34EF-85F3-5B172E5C0261}
	EndProjectSection
EndProject
Project("{8BC9CEB8-8B4A-11D0-8D11-00A0C91BC942}") = "update_mappings", "src\update_mappings.vcxproj", "{48108969-F684-38FD-A26F-D7BC3C82A0ED}"
	ProjectSection(ProjectDependencies) = postProject
		{07716689-270E-34EF-85F3-5B172E5C0261} = {07716689-270E-34EF-85F3-5B172E5C0261}
	EndProjectSection
EndProject
Project("{8BC9CEB8-8B4A-11D0-8D11-00A0C91BC942}") = "wave", "examples\wave.vcxproj", "{5804DDDB-5267-32B4-9976-9D9D2E3F0B7F}"
	ProjectSection(ProjectDependencies) = postProject
		{07716689-270E-34EF-85F3-5B172E5C0261} = {07716689-270E-34EF-85F3-5B172E5C0261}
		{88A23D34-1049-30D1-8AF9-0A05641483E3} = {88A23D34-1049-30D1-8AF9-0A05641483E3}
	EndProjectSection
EndProject
Project("{8BC9CEB8-8B4A-11D0-8D11-00A0C91BC942}") = "windows", "tests\windows.vcxproj", "{017542AE-9A18-3DEA-A2F3-47BAD5BECE6E}"
	ProjectSection(ProjectDependencies) = postProject
		{07716689-270E-34EF-85F3-5B172E5C0261} = {07716689-270E-34EF-85F3-5B172E5C0261}
		{88A23D34-1049-30D1-8AF9-0A05641483E3} = {88A23D34-1049-30D1-8AF9-0A05641483E3}
	EndProjectSection
EndProject
Global
	GlobalSection(SolutionConfigurationPlatforms) = preSolution
		Debug|x64 = Debug|x64
		Release|x64 = Release|x64
		MinSizeRel|x64 = MinSizeRel|x64
		RelWithDebInfo|x64 = RelWithDebInfo|x64
	EndGlobalSection
	GlobalSection(ProjectConfigurationPlatforms) = postSolution
		{95C37751-C982-3375-B3E4-982FE6011262}.Debug|x64.ActiveCfg = Debug|x64
		{95C37751-C982-3375-B3E4-982FE6011262}.Debug|x64.Build.0 = Debug|x64
		{95C37751-C982-3375-B3E4-982FE6011262}.Release|x64.ActiveCfg = Release|x64
		{95C37751-C982-3375-B3E4-982FE6011262}.Release|x64.Build.0 = Release|x64
		{95C37751-C982-3375-B3E4-982FE6011262}.MinSizeRel|x64.ActiveCfg = MinSizeRel|x64
		{95C37751-C982-3375-B3E4-982FE6011262}.MinSizeRel|x64.Build.0 = MinSizeRel|x64
		{95C37751-C982-3375-B3E4-982FE6011262}.RelWithDebInfo|x64.ActiveCfg = RelWithDebInfo|x64
		{95C37751-C982-3375-B3E4-982FE6011262}.RelWithDebInfo|x64.Build.0 = RelWithDebInfo|x64
		{3BD2CB1F-60D1-3251-AFD6-D412A088C9A8}.Debug|x64.ActiveCfg = Debug|x64
		{3BD2CB1F-60D1-3251-AFD6-D412A088C9A8}.Release|x64.ActiveCfg = Release|x64
		{3BD2CB1F-60D1-3251-AFD6-D412A088C9A8}.MinSizeRel|x64.ActiveCfg = MinSizeRel|x64
		{3BD2CB1F-60D1-3251-AFD6-D412A088C9A8}.RelWithDebInfo|x64.ActiveCfg = RelWithDebInfo|x64
		{07716689-270E-34EF-85F3-5B172E5C0261}.Debug|x64.ActiveCfg = Debug|x64
		{07716689-270E-34EF-85F3-5B172E5C0261}.Debug|x64.Build.0 = Debug|x64
		{07716689-270E-34EF-85F3-5B172E5C0261}.Release|x64.ActiveCfg = Release|x64
		{07716689-270E-34EF-85F3-5B172E5C0261}.Release|x64.Build.0 = Release|x64
		{07716689-270E-34EF-85F3-5B172E5C0261}.MinSizeRel|x64.ActiveCfg = MinSizeRel|x64
		{07716689-270E-34EF-85F3-5B172E5C0261}.MinSizeRel|x64.Build.0 = MinSizeRel|x64
		{07716689-270E-34EF-85F3-5B172E5C0261}.RelWithDebInfo|x64.ActiveCfg = RelWithDebInfo|x64
		{07716689-270E-34EF-85F3-5B172E5C0261}.RelWithDebInfo|x64.Build.0 = RelWithDebInfo|x64
		{7C289667-18AF-3F24-84AA-1AFD945CFB2A}.Debug|x64.ActiveCfg = Debug|x64
		{7C289667-18AF-3F24-84AA-1AFD945CFB2A}.Debug|x64.Build.0 = Debug|x64
		{7C289667-18AF-3F24-84AA-1AFD945CFB2A}.Release|x64.ActiveCfg = Release|x64
		{7C289667-18AF-3F24-84AA-1AFD945CFB2A}.Release|x64.Build.0 = Release|x64
		{7C289667-18AF-3F24-84AA-1AFD945CFB2A}.MinSizeRel|x64.ActiveCfg = MinSizeRel|x64
		{7C289667-18AF-3F24-84AA-1AFD945CFB2A}.MinSizeRel|x64.Build.0 = MinSizeRel|x64
		{7C289667-18AF-3F24-84AA-1AFD945CFB2A}.RelWithDebInfo|x64.ActiveCfg = RelWithDebInfo|x64
		{7C289667-18AF-3F24-84AA-1AFD945CFB2A}.RelWithDebInfo|x64.Build.0 = RelWithDebInfo|x64
		{702AE9AF-35D6-3D8B-895E-6364D006AAC0}.Debug|x64.ActiveCfg = Debug|x64
		{702AE9AF-35D6-3D8B-895E-6364D006AAC0}.Debug|x64.Build.0 = Debug|x64
		{702AE9AF-35D6-3D8B-895E-6364D006AAC0}.Release|x64.ActiveCfg = Release|x64
		{702AE9AF-35D6-3D8B-895E-6364D006AAC0}.Release|x64.Build.0 = Release|x64
		{702AE9AF-35D6-3D8B-895E-6364D006AAC0}.MinSizeRel|x64.ActiveCfg = MinSizeRel|x64
		{702AE9AF-35D6-3D8B-895E-6364D006AAC0}.MinSizeRel|x64.Build.0 = MinSizeRel|x64
		{702AE9AF-35D6-3D8B-895E-6364D006AAC0}.RelWithDebInfo|x64.ActiveCfg = RelWithDebInfo|x64
		{702AE9AF-35D6-3D8B-895E-6364D006AAC0}.RelWithDebInfo|x64.Build.0 = RelWithDebInfo|x64
		{950BCC2A-C3F8-3728-8DEF-F89D4094232E}.Debug|x64.ActiveCfg = Debug|x64
		{950BCC2A-C3F8-3728-8DEF-F89D4094232E}.Debug|x64.Build.0 = Debug|x64
		{950BCC2A-C3F8-3728-8DEF-F89D4094232E}.Release|x64.ActiveCfg = Release|x64
		{950BCC2A-C3F8-3728-8DEF-F89D4094232E}.Release|x64.Build.0 = Release|x64
		{950BCC2A-C3F8-3728-8DEF-F89D4094232E}.MinSizeRel|x64.ActiveCfg = MinSizeRel|x64
		{950BCC2A-C3F8-3728-8DEF-F89D4094232E}.MinSizeRel|x64.Build.0 = MinSizeRel|x64
		{950BCC2A-C3F8-3728-8DEF-F89D4094232E}.RelWithDebInfo|x64.ActiveCfg = RelWithDebInfo|x64
		{950BCC2A-C3F8-3728-8DEF-F89D4094232E}.RelWithDebInfo|x64.Build.0 = RelWithDebInfo|x64
		{6867B736-AC75-33E1-8F83-DC8C3490C2A9}.Debug|x64.ActiveCfg = Debug|x64
		{6867B736-AC75-33E1-8F83-DC8C3490C2A9}.Debug|x64.Build.0 = Debug|x64
		{6867B736-AC75-33E1-8F83-DC8C3490C2A9}.Release|x64.ActiveCfg = Release|x64
		{6867B736-AC75-33E1-8F83-DC8C3490C2A9}.Release|x64.Build.0 = Release|x64
		{6867B736-AC75-33E1-8F83-DC8C3490C2A9}.MinSizeRel|x64.ActiveCfg = MinSizeRel|x64
		{6867B736-AC75-33E1-8F83-DC8C3490C2A9}.MinSizeRel|x64.Build.0 = MinSizeRel|x64
		{6867B736-AC75-33E1-8F83-DC8C3490C2A9}.RelWithDebInfo|x64.ActiveCfg = RelWithDebInfo|x64
		{6867B736-AC75-33E1-8F83-DC8C3490C2A9}.RelWithDebInfo|x64.Build.0 = RelWithDebInfo|x64
		{3013E147-FC17-3592-AF5A-F05856145EED}.Debug|x64.ActiveCfg = Debug|x64
		{3013E147-FC17-3592-AF5A-F05856145EED}.Debug|x64.Build.0 = Debug|x64
		{3013E147-FC17-3592-AF5A-F05856145EED}.Release|x64.ActiveCfg = Release|x64
		{3013E147-FC17-3592-AF5A-F05856145EED}.Release|x64.Build.0 = Release|x64
		{3013E147-FC17-3592-AF5A-F05856145EED}.MinSizeRel|x64.ActiveCfg = MinSizeRel|x64
		{3013E147-FC17-3592-AF5A-F05856145EED}.MinSizeRel|x64.Build.0 = MinSizeRel|x64
		{3013E147-FC17-3592-AF5A-F05856145EED}.RelWithDebInfo|x64.ActiveCfg = RelWithDebInfo|x64
		{3013E147-FC17-3592-AF5A-F05856145EED}.RelWithDebInfo|x64.Build.0 = RelWithDebInfo|x64
		{EA0C9F4A-ECE4-3A91-AA52-35FF471D5169}.Debug|x64.ActiveCfg = Debug|x64
		{EA0C9F4A-ECE4-3A91-AA52-35FF471D5169}.Debug|x64.Build.0 = Debug|x64
		{EA0C9F4A-ECE4-3A91-AA52-35FF471D5169}.Release|x64.ActiveCfg = Release|x64
		{EA0C9F4A-ECE4-3A91-AA52-35FF471D5169}.Release|x64.Build.0 = Release|x64
		{EA0C9F4A-ECE4-3A91-AA52-35FF471D5169}.MinSizeRel|x64.ActiveCfg = MinSizeRel|x64
		{EA0C9F4A-ECE4-3A91-AA52-35FF471D5169}.MinSizeRel|x64.Build.0 = MinSizeRel|x64
		{EA0C9F4A-ECE4-3A91-AA52-35FF471D5169}.RelWithDebInfo|x64.ActiveCfg = RelWithDebInfo|x64
		{EA0C9F4A-ECE4-3A91-AA52-35FF471D5169}.RelWithDebInfo|x64.Build.0 = RelWithDebInfo|x64
		{E8D44F29-E43B-3F53-AC11-8DD00A058B65}.Debug|x64.ActiveCfg = Debug|x64
		{E8D44F29-E43B-3F53-AC11-8DD00A058B65}.Debug|x64.Build.0 = Debug|x64
		{E8D44F29-E43B-3F53-AC11-8DD00A058B65}.Release|x64.ActiveCfg = Release|x64
		{E8D44F29-E43B-3F53-AC11-8DD00A058B65}.Release|x64.Build.0 = Release|x64
		{E8D44F29-E43B-3F53-AC11-8DD00A058B65}.MinSizeRel|x64.ActiveCfg = MinSizeRel|x64
		{E8D44F29-E43B-3F53-AC11-8DD00A058B65}.MinSizeRel|x64.Build.0 = MinSizeRel|x64
		{E8D44F29-E43B-3F53-AC11-8DD00A058B65}.RelWithDebInfo|x64.ActiveCfg = RelWithDebInfo|x64
		{E8D44F29-E43B-3F53-AC11-8DD00A058B65}.RelWithDebInfo|x64.Build.0 = RelWithDebInfo|x64
		{88A23D34-1049-30D1-8AF9-0A05641483E3}.Debug|x64.ActiveCfg = Debug|x64
		{88A23D34-1049-30D1-8AF9-0A05641483E3}.Debug|x64.Build.0 = Debug|x64
		{88A23D34-1049-30D1-8AF9-0A05641483E3}.Release|x64.ActiveCfg = Release|x64
		{88A23D34-1049-30D1-8AF9-0A05641483E3}.Release|x64.Build.0 = Release|x64
		{88A23D34-1049-30D1-8AF9-0A05641483E3}.MinSizeRel|x64.ActiveCfg = MinSizeRel|x64
		{88A23D34-1049-30D1-8AF9-0A05641483E3}.MinSizeRel|x64.Build.0 = MinSizeRel|x64
		{88A23D34-1049-30D1-8AF9-0A05641483E3}.RelWithDebInfo|x64.ActiveCfg = RelWithDebInfo|x64
		{88A23D34-1049-30D1-8AF9-0A05641483E3}.RelWithDebInfo|x64.Build.0 = RelWithDebInfo|x64
		{AB75102E-34EA-34EB-BDCD-2CBF58D17B7C}.Debug|x64.ActiveCfg = Debug|x64
		{AB75102E-34EA-34EB-BDCD-2CBF58D17B7C}.Debug|x64.Build.0 = Debug|x64
		{AB75102E-34EA-34EB-BDCD-2CBF58D17B7C}.Release|x64.ActiveCfg = Release|x64
		{AB75102E-34EA-34EB-BDCD-2CBF58D17B7C}.Release|x64.Build.0 = Release|x64
		{AB75102E-34EA-34EB-BDCD-2CBF58D17B7C}.MinSizeRel|x64.ActiveCfg = MinSizeRel|x64
		{AB75102E-34EA-34EB-BDCD-2CBF58D17B7C}.MinSizeRel|x64.Build.0 = MinSizeRel|x64
		{AB75102E-34EA-34EB-BDCD-2CBF58D17B7C}.RelWithDebInfo|x64.ActiveCfg = RelWithDebInfo|x64
		{AB75102E-34EA-34EB-BDCD-2CBF58D17B7C}.RelWithDebInfo|x64.Build.0 = RelWithDebInfo|x64
		{884875C2-35EE-320B-924A-86C5FE624C70}.Debug|x64.ActiveCfg = Debug|x64
		{884875C2-35EE-320B-924A-86C5FE624C70}.Debug|x64.Build.0 = Debug|x64
		{884875C2-35EE-320B-924A-86C5FE624C70}.Release|x64.ActiveCfg = Release|x64
		{884875C2-35EE-320B-924A-86C5FE624C70}.Release|x64.Build.0 = Release|x64
		{884875C2-35EE-320B-924A-86C5FE624C70}.MinSizeRel|x64.ActiveCfg = MinSizeRel|x64
		{884875C2-35EE-320B-924A-86C5FE624C70}.MinSizeRel|x64.Build.0 = MinSizeRel|x64
		{884875C2-35EE-320B-924A-86C5FE624C70}.RelWithDebInfo|x64.ActiveCfg = RelWithDebInfo|x64
		{884875C2-35EE-320B-924A-86C5FE624C70}.RelWithDebInfo|x64.Build.0 = RelWithDebInfo|x64
		{EC292C55-51C2-3837-ABCA-9754BCD1ECED}.Debug|x64.ActiveCfg = Debug|x64
		{EC292C55-51C2-3837-ABCA-9754BCD1ECED}.Debug|x64.Build.0 = Debug|x64
		{EC292C55-51C2-3837-ABCA-9754BCD1ECED}.Release|x64.ActiveCfg = Release|x64
		{EC292C55-51C2-3837-ABCA-9754BCD1ECED}.Release|x64.Build.0 = Release|x64
		{EC292C55-51C2-3837-ABCA-9754BCD1ECED}.MinSizeRel|x64.ActiveCfg = MinSizeRel|x64
		{EC292C55-51C2-3837-ABCA-9754BCD1ECED}.MinSizeRel|x64.Build.0 = MinSizeRel|x64
		{EC292C55-51C2-3837-ABCA-9754BCD1ECED}.RelWithDebInfo|x64.ActiveCfg = RelWithDebInfo|x64
		{EC292C55-51C2-3837-ABCA-9754BCD1ECED}.RelWithDebInfo|x64.Build.0 = RelWithDebInfo|x64
		{488B1D2E-A393-3EE5-AD72-93E068480FBA}.Debug|x64.ActiveCfg = Debug|x64
		{488B1D2E-A393-3EE5-AD72-93E068480FBA}.Debug|x64.Build.0 = Debug|x64
		{488B1D2E-A393-3EE5-AD72-93E068480FBA}.Release|x64.ActiveCfg = Release|x64
		{488B1D2E-A393-3EE5-AD72-93E068480FBA}.Release|x64.Build.0 = Release|x64
		{488B1D2E-A393-3EE5-AD72-93E068480FBA}.MinSizeRel|x64.ActiveCfg = MinSizeRel|x64
		{488B1D2E-A393-3EE5-AD72-93E068480FBA}.MinSizeRel|x64.Build.0 = MinSizeRel|x64
		{488B1D2E-A393-3EE5-AD72-93E068480FBA}.RelWithDebInfo|x64.ActiveCfg = RelWithDebInfo|x64
		{488B1D2E-A393-3EE5-AD72-93E068480FBA}.RelWithDebInfo|x64.Build.0 = RelWithDebInfo|x64
		{3A766C79-2F94-36D3-B5B2-E7F761F9B633}.Debug|x64.ActiveCfg = Debug|x64
		{3A766C79-2F94-36D3-B5B2-E7F761F9B633}.Debug|x64.Build.0 = Debug|x64
		{3A766C79-2F94-36D3-B5B2-E7F761F9B633}.Release|x64.ActiveCfg = Release|x64
		{3A766C79-2F94-36D3-B5B2-E7F761F9B633}.Release|x64.Build.0 = Release|x64
		{3A766C79-2F94-36D3-B5B2-E7F761F9B633}.MinSizeRel|x64.ActiveCfg = MinSizeRel|x64
		{3A766C79-2F94-36D3-B5B2-E7F761F9B633}.MinSizeRel|x64.Build.0 = MinSizeRel|x64
		{3A766C79-2F94-36D3-B5B2-E7F761F9B633}.RelWithDebInfo|x64.ActiveCfg = RelWithDebInfo|x64
		{3A766C79-2F94-36D3-B5B2-E7F761F9B633}.RelWithDebInfo|x64.Build.0 = RelWithDebInfo|x64
		{823C1EA9-8A93-331C-B9E0-266CE6866281}.Debug|x64.ActiveCfg = Debug|x64
		{823C1EA9-8A93-331C-B9E0-266CE6866281}.Debug|x64.Build.0 = Debug|x64
		{823C1EA9-8A93-331C-B9E0-266CE6866281}.Release|x64.ActiveCfg = Release|x64
		{823C1EA9-8A93-331C-B9E0-266CE6866281}.Release|x64.Build.0 = Release|x64
		{823C1EA9-8A93-331C-B9E0-266CE6866281}.MinSizeRel|x64.ActiveCfg = MinSizeRel|x64
		{823C1EA9-8A93-331C-B9E0-266CE6866281}.MinSizeRel|x64.Build.0 = MinSizeRel|x64
		{823C1EA9-8A93-331C-B9E0-266CE6866281}.RelWithDebInfo|x64.ActiveCfg = RelWithDebInfo|x64
		{823C1EA9-8A93-331C-B9E0-266CE6866281}.RelWithDebInfo|x64.Build.0 = RelWithDebInfo|x64
		{E954629D-B3AD-3E6C-AB7B-D630FDE6182D}.Debug|x64.ActiveCfg = Debug|x64
		{E954629D-B3AD-3E6C-AB7B-D630FDE6182D}.Debug|x64.Build.0 = Debug|x64
		{E954629D-B3AD-3E6C-AB7B-D630FDE6182D}.Release|x64.ActiveCfg = Release|x64
		{E954629D-B3AD-3E6C-AB7B-D630FDE6182D}.Release|x64.Build.0 = Release|x64
		{E954629D-B3AD-3E6C-AB7B-D630FDE6182D}.MinSizeRel|x64.ActiveCfg = MinSizeRel|x64
		{E954629D-B3AD-3E6C-AB7B-D630FDE6182D}.MinSizeRel|x64.Build.0 = MinSizeRel|x64
		{E954629D-B3AD-3E6C-AB7B-D630FDE6182D}.RelWithDebInfo|x64.ActiveCfg = RelWithDebInfo|x64
		{E954629D-B3AD-3E6C-AB7B-D630FDE6182D}.RelWithDebInfo|x64.Build.0 = RelWithDebInfo|x64
		{567FB1F2-B7D8-3E05-9BE9-95C5A71140DF}.Debug|x64.ActiveCfg = Debug|x64
		{567FB1F2-B7D8-3E05-9BE9-95C5A71140DF}.Debug|x64.Build.0 = Debug|x64
		{567FB1F2-B7D8-3E05-9BE9-95C5A71140DF}.Release|x64.ActiveCfg = Release|x64
		{567FB1F2-B7D8-3E05-9BE9-95C5A71140DF}.Release|x64.Build.0 = Release|x64
		{567FB1F2-B7D8-3E05-9BE9-95C5A71140DF}.MinSizeRel|x64.ActiveCfg = MinSizeRel|x64
		{567FB1F2-B7D8-3E05-9BE9-95C5A71140DF}.MinSizeRel|x64.Build.0 = MinSizeRel|x64
		{567FB1F2-B7D8-3E05-9BE9-95C5A71140DF}.RelWithDebInfo|x64.ActiveCfg = RelWithDebInfo|x64
		{567FB1F2-B7D8-3E05-9BE9-95C5A71140DF}.RelWithDebInfo|x64.Build.0 = RelWithDebInfo|x64
		{BF468BB5-9098-3280-A5CE-B6FDCDD9EC48}.Debug|x64.ActiveCfg = Debug|x64
		{BF468BB5-9098-3280-A5CE-B6FDCDD9EC48}.Debug|x64.Build.0 = Debug|x64
		{BF468BB5-9098-3280-A5CE-B6FDCDD9EC48}.Release|x64.ActiveCfg = Release|x64
		{BF468BB5-9098-3280-A5CE-B6FDCDD9EC48}.Release|x64.Build.0 = Release|x64
		{BF468BB5-9098-3280-A5CE-B6FDCDD9EC48}.MinSizeRel|x64.ActiveCfg = MinSizeRel|x64
		{BF468BB5-9098-3280-A5CE-B6FDCDD9EC48}.MinSizeRel|x64.Build.0 = MinSizeRel|x64
		{BF468BB5-9098-3280-A5CE-B6FDCDD9EC48}.RelWithDebInfo|x64.ActiveCfg = RelWithDebInfo|x64
		{BF468BB5-9098-3280-A5CE-B6FDCDD9EC48}.RelWithDebInfo|x64.Build.0 = RelWithDebInfo|x64
		{2141523A-A704-38A6-AAB7-31EE7027C83A}.Debug|x64.ActiveCfg = Debug|x64
		{2141523A-A704-38A6-AAB7-31EE7027C83A}.Debug|x64.Build.0 = Debug|x64
		{2141523A-A704-38A6-AAB7-31EE7027C83A}.Release|x64.ActiveCfg = Release|x64
		{2141523A-A704-38A6-AAB7-31EE7027C83A}.Release|x64.Build.0 = Release|x64
		{2141523A-A704-38A6-AAB7-31EE7027C83A}.MinSizeRel|x64.ActiveCfg = MinSizeRel|x64
		{2141523A-A704-38A6-AAB7-31EE7027C83A}.MinSizeRel|x64.Build.0 = MinSizeRel|x64
		{2141523A-A704-38A6-AAB7-31EE7027C83A}.RelWithDebInfo|x64.ActiveCfg = RelWithDebInfo|x64
		{2141523A-A704-38A6-AAB7-31EE7027C83A}.RelWithDebInfo|x64.Build.0 = RelWithDebInfo|x64
		{83873F18-EB6F-3B81-9B8E-6BA68F61C129}.Debug|x64.ActiveCfg = Debug|x64
		{83873F18-EB6F-3B81-9B8E-6BA68F61C129}.Debug|x64.Build.0 = Debug|x64
		{83873F18-EB6F-3B81-9B8E-6BA68F61C129}.Release|x64.ActiveCfg = Release|x64
		{83873F18-EB6F-3B81-9B8E-6BA68F61C129}.Release|x64.Build.0 = Release|x64
		{83873F18-EB6F-3B81-9B8E-6BA68F61C129}.MinSizeRel|x64.ActiveCfg = MinSizeRel|x64
		{83873F18-EB6F-3B81-9B8E-6BA68F61C129}.MinSizeRel|x64.Build.0 = MinSizeRel|x64
		{83873F18-EB6F-3B81-9B8E-6BA68F61C129}.RelWithDebInfo|x64.ActiveCfg = RelWithDebInfo|x64
		{83873F18-EB6F-3B81-9B8E-6BA68F61C129}.RelWithDebInfo|x64.Build.0 = RelWithDebInfo|x64
		{32885E39-704B-30C8-8409-7EB90D2EB8C2}.Debug|x64.ActiveCfg = Debug|x64
		{32885E39-704B-30C8-8409-7EB90D2EB8C2}.Debug|x64.Build.0 = Debug|x64
		{32885E39-704B-30C8-8409-7EB90D2EB8C2}.Release|x64.ActiveCfg = Release|x64
		{32885E39-704B-30C8-8409-7EB90D2EB8C2}.Release|x64.Build.0 = Release|x64
		{32885E39-704B-30C8-8409-7EB90D2EB8C2}.MinSizeRel|x64.ActiveCfg = MinSizeRel|x64
		{32885E39-704B-30C8-8409-7EB90D2EB8C2}.MinSizeRel|x64.Build.0 = MinSizeRel|x64
		{32885E39-704B-30C8-8409-7EB90D2EB8C2}.RelWithDebInfo|x64.ActiveCfg = RelWithDebInfo|x64
		{32885E39-704B-30C8-8409-7EB90D2EB8C2}.RelWithDebInfo|x64.Build.0 = RelWithDebInfo|x64
		{C5591F40-7CB9-3C94-AC88-3DB033E21AE8}.Debug|x64.ActiveCfg = Debug|x64
		{C5591F40-7CB9-3C94-AC88-3DB033E21AE8}.Debug|x64.Build.0 = Debug|x64
		{C5591F40-7CB9-3C94-AC88-3DB033E21AE8}.Release|x64.ActiveCfg = Release|x64
		{C5591F40-7CB9-3C94-AC88-3DB033E21AE8}.Release|x64.Build.0 = Release|x64
		{C5591F40-7CB9-3C94-AC88-3DB033E21AE8}.MinSizeRel|x64.ActiveCfg = MinSizeRel|x64
		{C5591F40-7CB9-3C94-AC88-3DB033E21AE8}.MinSizeRel|x64.Build.0 = MinSizeRel|x64
		{C5591F40-7CB9-3C94-AC88-3DB033E21AE8}.RelWithDebInfo|x64.ActiveCfg = RelWithDebInfo|x64
		{C5591F40-7CB9-3C94-AC88-3DB033E21AE8}.RelWithDebInfo|x64.Build.0 = RelWithDebInfo|x64
		{94FA451A-2446-3F13-ADFB-2D6DFDE9640E}.Debug|x64.ActiveCfg = Debug|x64
		{94FA451A-2446-3F13-ADFB-2D6DFDE9640E}.Debug|x64.Build.0 = Debug|x64
		{94FA451A-2446-3F13-ADFB-2D6DFDE9640E}.Release|x64.ActiveCfg = Release|x64
		{94FA451A-2446-3F13-ADFB-2D6DFDE9640E}.Release|x64.Build.0 = Release|x64
		{94FA451A-2446-3F13-ADFB-2D6DFDE9640E}.MinSizeRel|x64.ActiveCfg = MinSizeRel|x64
		{94FA451A-2446-3F13-ADFB-2D6DFDE9640E}.MinSizeRel|x64.Build.0 = MinSizeRel|x64
		{94FA451A-2446-3F13-ADFB-2D6DFDE9640E}.RelWithDebInfo|x64.ActiveCfg = RelWithDebInfo|x64
		{94FA451A-2446-3F13-ADFB-2D6DFDE9640E}.RelWithDebInfo|x64.Build.0 = RelWithDebInfo|x64
		{8110A5B3-6C52-37A5-B045-974E2AAFD147}.Debug|x64.ActiveCfg = Debug|x64
		{8110A5B3-6C52-37A5-B045-974E2AAFD147}.Debug|x64.Build.0 = Debug|x64
		{8110A5B3-6C52-37A5-B045-974E2AAFD147}.Release|x64.ActiveCfg = Release|x64
		{8110A5B3-6C52-37A5-B045-974E2AAFD147}.Release|x64.Build.0 = Release|x64
		{8110A5B3-6C52-37A5-B045-974E2AAFD147}.MinSizeRel|x64.ActiveCfg = MinSizeRel|x64
		{8110A5B3-6C52-37A5-B045-974E2AAFD147}.MinSizeRel|x64.Build.0 = MinSizeRel|x64
		{8110A5B3-6C52-37A5-B045-974E2AAFD147}.RelWithDebInfo|x64.ActiveCfg = RelWithDebInfo|x64
		{8110A5B3-6C52-37A5-B045-974E2AAFD147}.RelWithDebInfo|x64.Build.0 = RelWithDebInfo|x64
		{49F41DF1-5042-342A-9911-959E07BE81BD}.Debug|x64.ActiveCfg = Debug|x64
		{49F41DF1-5042-342A-9911-959E07BE81BD}.Debug|x64.Build.0 = Debug|x64
		{49F41DF1-5042-342A-9911-959E07BE81BD}.Release|x64.ActiveCfg = Release|x64
		{49F41DF1-5042-342A-9911-959E07BE81BD}.Release|x64.Build.0 = Release|x64
		{49F41DF1-5042-342A-9911-959E07BE81BD}.MinSizeRel|x64.ActiveCfg = MinSizeRel|x64
		{49F41DF1-5042-342A-9911-959E07BE81BD}.MinSizeRel|x64.Build.0 = MinSizeRel|x64
		{49F41DF1-5042-342A-9911-959E07BE81BD}.RelWithDebInfo|x64.ActiveCfg = RelWithDebInfo|x64
		{49F41DF1-5042-342A-9911-959E07BE81BD}.RelWithDebInfo|x64.Build.0 = RelWithDebInfo|x64
		{DE8DEB9F-1066-340B-978E-E44B776BD26A}.Debug|x64.ActiveCfg = Debug|x64
		{DE8DEB9F-1066-340B-978E-E44B776BD26A}.Debug|x64.Build.0 = Debug|x64
		{DE8DEB9F-1066-340B-978E-E44B776BD26A}.Release|x64.ActiveCfg = Release|x64
		{DE8DEB9F-1066-340B-978E-E44B776BD26A}.Release|x64.Build.0 = Release|x64
		{DE8DEB9F-1066-340B-978E-E44B776BD26A}.MinSizeRel|x64.ActiveCfg = MinSizeRel|x64
		{DE8DEB9F-1066-340B-978E-E44B776BD26A}.MinSizeRel|x64.Build.0 = MinSizeRel|x64
		{DE8DEB9F-1066-340B-978E-E44B776BD26A}.RelWithDebInfo|x64.ActiveCfg = RelWithDebInfo|x64
		{DE8DEB9F-1066-340B-978E-E44B776BD26A}.RelWithDebInfo|x64.Build.0 = RelWithDebInfo|x64
		{217033E3-7430-3D81-AA04-18250E886313}.Debug|x64.ActiveCfg = Debug|x64
		{217033E3-7430-3D81-AA04-18250E886313}.Debug|x64.Build.0 = Debug|x64
		{217033E3-7430-3D81-AA04-18250E886313}.Release|x64.ActiveCfg = Release|x64
		{217033E3-7430-3D81-AA04-18250E886313}.Release|x64.Build.0 = Release|x64
		{217033E3-7430-3D81-AA04-18250E886313}.MinSizeRel|x64.ActiveCfg = MinSizeRel|x64
		{217033E3-7430-3D81-AA04-18250E886313}.MinSizeRel|x64.Build.0 = MinSizeRel|x64
		{217033E3-7430-3D81-AA04-18250E886313}.RelWithDebInfo|x64.ActiveCfg = RelWithDebInfo|x64
		{217033E3-7430-3D81-AA04-18250E886313}.RelWithDebInfo|x64.Build.0 = RelWithDebInfo|x64
		{94ED5F5F-F27C-3CCF-B7D4-11AEE05784F0}.Debug|x64.ActiveCfg = Debug|x64
		{94ED5F5F-F27C-3CCF-B7D4-11AEE05784F0}.Debug|x64.Build.0 = Debug|x64
		{94ED5F5F-F27C-3CCF-B7D4-11AEE05784F0}.Release|x64.ActiveCfg = Release|x64
		{94ED5F5F-F27C-3CCF-B7D4-11AEE05784F0}.Release|x64.Build.0 = Release|x64
		{94ED5F5F-F27C-3CCF-B7D4-11AEE05784F0}.MinSizeRel|x64.ActiveCfg = MinSizeRel|x64
		{94ED5F5F-F27C-3CCF-B7D4-11AEE05784F0}.MinSizeRel|x64.Build.0 = MinSizeRel|x64
		{94ED5F5F-F27C-3CCF-B7D4-11AEE05784F0}.RelWithDebInfo|x64.ActiveCfg = RelWithDebInfo|x64
		{94ED5F5F-F27C-3CCF-B7D4-11AEE05784F0}.RelWithDebInfo|x64.Build.0 = RelWithDebInfo|x64
		{50840CBB-CB8E-3965-B86B-EC6CF6364F1B}.Debug|x64.ActiveCfg = Debug|x64
		{50840CBB-CB8E-3965-B86B-EC6CF6364F1B}.Debug|x64.Build.0 = Debug|x64
		{50840CBB-CB8E-3965-B86B-EC6CF6364F1B}.Release|x64.ActiveCfg = Release|x64
		{50840CBB-CB8E-3965-B86B-EC6CF6364F1B}.Release|x64.Build.0 = Release|x64
		{50840CBB-CB8E-3965-B86B-EC6CF6364F1B}.MinSizeRel|x64.ActiveCfg = MinSizeRel|x64
		{50840CBB-CB8E-3965-B86B-EC6CF6364F1B}.MinSizeRel|x64.Build.0 = MinSizeRel|x64
		{50840CBB-CB8E-3965-B86B-EC6CF6364F1B}.RelWithDebInfo|x64.ActiveCfg = RelWithDebInfo|x64
		{50840CBB-CB8E-3965-B86B-EC6CF6364F1B}.RelWithDebInfo|x64.Build.0 = RelWithDebInfo|x64
		{474D88B2-3CB0-36A6-99D5-F66BC82FEA02}.Debug|x64.ActiveCfg = Debug|x64
		{474D88B2-3CB0-36A6-99D5-F66BC82FEA02}.Release|x64.ActiveCfg = Release|x64
		{474D88B2-3CB0-36A6-99D5-F66BC82FEA02}.MinSizeRel|x64.ActiveCfg = MinSizeRel|x64
		{474D88B2-3CB0-36A6-99D5-F66BC82FEA02}.RelWithDebInfo|x64.ActiveCfg = RelWithDebInfo|x64
		{48108969-F684-38FD-A26F-D7BC3C82A0ED}.Debug|x64.ActiveCfg = Debug|x64
		{48108969-F684-38FD-A26F-D7BC3C82A0ED}.Release|x64.ActiveCfg = Release|x64
		{48108969-F684-38FD-A26F-D7BC3C82A0ED}.MinSizeRel|x64.ActiveCfg = MinSizeRel|x64
		{48108969-F684-38FD-A26F-D7BC3C82A0ED}.RelWithDebInfo|x64.ActiveCfg = RelWithDebInfo|x64
		{5804DDDB-5267-32B4-9976-9D9D2E3F0B7F}.Debug|x64.ActiveCfg = Debug|x64
		{5804DDDB-5267-32B4-9976-9D9D2E3F0B7F}.Debug|x64.Build.0 = Debug|x64
		{5804DDDB-5267-32B4-9976-9D9D2E3F0B7F}.Release|x64.ActiveCfg = Release|x64
		{5804DDDB-5267-32B4-9976-9D9D2E3F0B7F}.Release|x64.Build.0 = Release|x64
		{5804DDDB-5267-32B4-9976-9D9D2E3F0B7F}.MinSizeRel|x64.ActiveCfg = MinSizeRel|x64
		{5804DDDB-5267-32B4-9976-9D9D2E3F0B7F}.MinSizeRel|x64.Build.0 = MinSizeRel|x64
		{5804DDDB-5267-32B4-9976-9D9D2E3F0B7F}.RelWithDebInfo|x64.ActiveCfg = RelWithDebInfo|x64
		{5804DDDB-5267-32B4-9976-9D9D2E3F0B7F}.RelWithDebInfo|x64.Build.0 = RelWithDebInfo|x64
		{017542AE-9A18-3DEA-A2F3-47BAD5BECE6E}.Debug|x64.ActiveCfg = Debug|x64
		{017542AE-9A18-3DEA-A2F3-47BAD5BECE6E}.Debug|x64.Build.0 = Debug|x64
		{017542AE-9A18-3DEA-A2F3-47BAD5BECE6E}.Release|x64.ActiveCfg = Release|x64
		{017542AE-9A18-3DEA-A2F3-47BAD5BECE6E}.Release|x64.Build.0 = Release|x64
		{017542AE-9A18-3DEA-A2F3-47BAD5BECE6E}.MinSizeRel|x64.ActiveCfg = MinSizeRel|x64
		{017542AE-9A18-3DEA-A2F3-47BAD5BECE6E}.MinSizeRel|x64.Build.0 = MinSizeRel|x64
		{017542AE-9A18-3DEA-A2F3-47BAD5BECE6E}.RelWithDebInfo|x64.ActiveCfg = RelWithDebInfo|x64
		{017542AE-9A18-3DEA-A2F3-47BAD5BECE6E}.RelWithDebInfo|x64.Build.0 = RelWithDebInfo|x64
	EndGlobalSection
	GlobalSection(NestedProjects) = preSolution
		{95C37751-C982-3375-B3E4-982FE6011262} = {37323809-9FF6-3BB0-8E05-8AC2FEDBE2FA}
		{3BD2CB1F-60D1-3251-AFD6-D412A088C9A8} = {37323809-9FF6-3BB0-8E05-8AC2FEDBE2FA}
		{07716689-270E-34EF-85F3-5B172E5C0261} = {37323809-9FF6-3BB0-8E05-8AC2FEDBE2FA}
		{65487CE1-8052-3BD2-AFF4-DE64D6A41528} = {7C68F53B-BA5C-3D6F-8F8A-5358B4C1848B}
		{33E8EB0B-7533-315F-B4C8-477D70F30664} = {7C68F53B-BA5C-3D6F-8F8A-5358B4C1848B}
		{88A23D34-1049-30D1-8AF9-0A05641483E3} = {7C68F53B-BA5C-3D6F-8F8A-5358B4C1848B}
		{474D88B2-3CB0-36A6-99D5-F66BC82FEA02} = {7C68F53B-BA5C-3D6F-8F8A-5358B4C1848B}
		{48108969-F684-38FD-A26F-D7BC3C82A0ED} = {7C68F53B-BA5C-3D6F-8F8A-5358B4C1848B}
		{7C289667-18AF-3F24-84AA-1AFD945CFB2A} = {65487CE1-8052-3BD2-AFF4-DE64D6A41528}
		{E8D44F29-E43B-3F53-AC11-8DD00A058B65} = {65487CE1-8052-3BD2-AFF4-DE64D6A41528}
		{884875C2-35EE-320B-924A-86C5FE624C70} = {65487CE1-8052-3BD2-AFF4-DE64D6A41528}
		{BF468BB5-9098-3280-A5CE-B6FDCDD9EC48} = {65487CE1-8052-3BD2-AFF4-DE64D6A41528}
		{83873F18-EB6F-3B81-9B8E-6BA68F61C129} = {65487CE1-8052-3BD2-AFF4-DE64D6A41528}
		{C5591F40-7CB9-3C94-AC88-3DB033E21AE8} = {65487CE1-8052-3BD2-AFF4-DE64D6A41528}
		{94FA451A-2446-3F13-ADFB-2D6DFDE9640E} = {65487CE1-8052-3BD2-AFF4-DE64D6A41528}
		{8110A5B3-6C52-37A5-B045-974E2AAFD147} = {65487CE1-8052-3BD2-AFF4-DE64D6A41528}
		{5804DDDB-5267-32B4-9976-9D9D2E3F0B7F} = {65487CE1-8052-3BD2-AFF4-DE64D6A41528}
		{702AE9AF-35D6-3D8B-895E-6364D006AAC0} = {33E8EB0B-7533-315F-B4C8-477D70F30664}
		{950BCC2A-C3F8-3728-8DEF-F89D4094232E} = {33E8EB0B-7533-315F-B4C8-477D70F30664}
		{6867B736-AC75-33E1-8F83-DC8C3490C2A9} = {33E8EB0B-7533-315F-B4C8-477D70F30664}
		{3013E147-FC17-3592-AF5A-F05856145EED} = {33E8EB0B-7533-315F-B4C8-477D70F30664}
		{EA0C9F4A-ECE4-3A91-AA52-35FF471D5169} = {33E8EB0B-7533-315F-B4C8-477D70F30664}
		{AB75102E-34EA-34EB-BDCD-2CBF58D17B7C} = {33E8EB0B-7533-315F-B4C8-477D70F30664}
		{EC292C55-51C2-3837-ABCA-9754BCD1ECED} = {33E8EB0B-7533-315F-B4C8-477D70F30664}
		{488B1D2E-A393-3EE5-AD72-93E068480FBA} = {33E8EB0B-7533-315F-B4C8-477D70F30664}
		{3A766C79-2F94-36D3-B5B2-E7F761F9B633} = {33E8EB0B-7533-315F-B4C8-477D70F30664}
		{823C1EA9-8A93-331C-B9E0-266CE6866281} = {33E8EB0B-7533-315F-B4C8-477D70F30664}
		{E954629D-B3AD-3E6C-AB7B-D630FDE6182D} = {33E8EB0B-7533-315F-B4C8-477D70F30664}
		{567FB1F2-B7D8-3E05-9BE9-95C5A71140DF} = {33E8EB0B-7533-315F-B4C8-477D70F30664}
		{2141523A-A704-38A6-AAB7-31EE7027C83A} = {33E8EB0B-7533-315F-B4C8-477D70F30664}
		{32885E39-704B-30C8-8409-7EB90D2EB8C2} = {33E8EB0B-7533-315F-B4C8-477D70F30664}
		{49F41DF1-5042-342A-9911-959E07BE81BD} = {33E8EB0B-7533-315F-B4C8-477D70F30664}
		{DE8DEB9F-1066-340B-978E-E44B776BD26A} = {33E8EB0B-7533-315F-B4C8-477D70F30664}
		{217033E3-7430-3D81-AA04-18250E886313} = {33E8EB0B-7533-315F-B4C8-477D70F30664}
		{94ED5F5F-F27C-3CCF-B7D4-11AEE05784F0} = {33E8EB0B-7533-315F-B4C8-477D70F30664}
		{50840CBB-CB8E-3965-B86B-EC6CF6364F1B} = {33E8EB0B-7533-315F-B4C8-477D70F30664}
		{017542AE-9A18-3DEA-A2F3-47BAD5BECE6E} = {33E8EB0B-7533-315F-B4C8-477D70F30664}
	EndGlobalSection
	GlobalSection(ExtensibilityGlobals) = postSolution
		SolutionGuid = {8702A527-F0A2-30D5-955B-28BB8394B4A5}
	EndGlobalSection
	GlobalSection(ExtensibilityAddIns) = postSolution
	EndGlobalSection
EndGlobal
